<?xml version="1.0" encoding="utf-8"?>
<Project ToolsVersion="16.0" xmlns="http://schemas.microsoft.com/developer/msbuild/2003">
  <ItemGroup>
    <ClCompile Include="C:\Users\lesaelr\o3de\Code\Editor\Plugins\EditorCommon\EditorCommon_autogen\mocs_compilation_debug.cpp">
      <Filter>Generated Files</Filter>
    </ClCompile>
    <ClCompile Include="C:\Users\lesaelr\o3de\Code\Editor\Plugins\EditorCommon\CMakeFiles\EditorCommon.dir\Unity\unity_1_cxx.cxx">
      <Filter>Generated Files</Filter>
    </ClCompile>
    <ClCompile Include="C:\Users\lesaelr\o3de\Code\Editor\Plugins\EditorCommon\CMakeFiles\EditorCommon.dir\Unity\unity_0_cxx.cxx">
      <Filter>Generated Files</Filter>
    </ClCompile>
    <ClCompile Include="C:\Users\lesaelr\o3de\Code\Editor\Plugins\EditorCommon\EditorCommon.cpp" />
    <ClCompile Include="C:\Users\lesaelr\o3de\Code\Editor\Plugins\EditorCommon\ActionOutput.cpp" />
    <ClCompile Include="C:\Users\lesaelr\o3de\Code\Editor\Plugins\EditorCommon\DockTitleBarWidget.cpp" />
    <ClCompile Include="C:\Users\lesaelr\o3de\Code\Editor\Plugins\EditorCommon\SaveUtilities\AsyncSaveRunner.cpp">
      <Filter>SaveUtilities</Filter>
    </ClCompile>
    <ClCompile Include="C:\Users\lesaelr\o3de\Code\Editor\Plugins\EditorCommon\AxisHelper.cpp" />
    <ClCompile Include="C:\Users\lesaelr\o3de\Code\Editor\Plugins\EditorCommon\DisplayContext.cpp" />
    <ClCompile Include="C:\Users\lesaelr\o3de\Code\Editor\Plugins\EditorCommon\DeepFilterProxyModel.cpp" />
    <ClCompile Include="C:\Users\lesaelr\o3de\Code\Editor\Plugins\EditorCommon\DrawingPrimitives\Ruler.cpp">
      <Filter>DrawingPrimitives</Filter>
    </ClCompile>
    <ClCompile Include="C:\Users\lesaelr\o3de\Code\Editor\Plugins\EditorCommon\DrawingPrimitives\TimeSlider.cpp">
      <Filter>DrawingPrimitives</Filter>
    </ClCompile>
    <ClCompile Include="C:\Users\lesaelr\o3de\Code\Editor\Plugins\EditorCommon\WinWidget\WinWidgetManager.cpp">
      <Filter>WinWidget</Filter>
    </ClCompile>
    <ClCompile Include="C:\Users\lesaelr\o3de\Code\Editor\Plugins\EditorCommon\EditorCommon_autogen\mocs_compilation_profile.cpp">
      <Filter>Generated Files</Filter>
    </ClCompile>
    <ClCompile Include="C:\Users\lesaelr\o3de\Code\Editor\Plugins\EditorCommon\EditorCommon_autogen\mocs_compilation_release.cpp">
      <Filter>Generated Files</Filter>
    </ClCompile>
  </ItemGroup>
  <ItemGroup>
    <ClInclude Include="C:\Users\lesaelr\o3de\Code\Editor\Plugins\EditorCommon\EditorCommon.h" />
    <ClInclude Include="C:\Users\lesaelr\o3de\Code\Editor\Plugins\EditorCommon\EditorCommonAPI.h" />
    <ClInclude Include="C:\Users\lesaelr\o3de\Code\Editor\Plugins\EditorCommon\ActionOutput.h" />
    <ClInclude Include="C:\Users\lesaelr\o3de\Code\Editor\Plugins\EditorCommon\UiEditorDLLBus.h" />
    <ClInclude Include="C:\Users\lesaelr\o3de\Code\Editor\Plugins\EditorCommon\DockTitleBarWidget.h" />
    <ClInclude Include="C:\Users\lesaelr\o3de\Code\Editor\Plugins\EditorCommon\SaveUtilities\AsyncSaveRunner.h">
      <Filter>SaveUtilities</Filter>
    </ClInclude>
    <ClInclude Include="C:\Users\lesaelr\o3de\Code\Editor\Plugins\EditorCommon\DeepFilterProxyModel.h" />
    <ClInclude Include="C:\Users\lesaelr\o3de\Code\Editor\Plugins\EditorCommon\Resource.h" />
    <ClInclude Include="C:\Users\lesaelr\o3de\Code\Editor\Plugins\EditorCommon\DrawingPrimitives\Ruler.h">
      <Filter>DrawingPrimitives</Filter>
    </ClInclude>
    <ClInclude Include="C:\Users\lesaelr\o3de\Code\Editor\Plugins\EditorCommon\DrawingPrimitives\TimeSlider.h">
      <Filter>DrawingPrimitives</Filter>
    </ClInclude>
    <ClInclude Include="C:\Users\lesaelr\o3de\Code\Editor\Plugins\EditorCommon\WinWidget\WinWidget.h">
      <Filter>WinWidget</Filter>
    </ClInclude>
    <ClInclude Include="C:\Users\lesaelr\o3de\Code\Editor\Plugins\EditorCommon\WinWidget\WinWidgetManager.h">
      <Filter>WinWidget</Filter>
    </ClInclude>
  </ItemGroup>
  <ItemGroup>
    <CustomBuild Include="C:\Users\lesaelr\o3de\CMakeFiles\08b24365a84bd27d080f6dd51f42b933\EditorCommon_(CONFIG).stamp.rule">
      <Filter>Generated Files</Filter>
    </CustomBuild>
    <CustomBuild Include="C:\Users\lesaelr\o3de\Code\Editor\Plugins\EditorCommon\CMakeLists.txt">
      <Filter>Generated Files</Filter>
    </CustomBuild>
  </ItemGroup>
  <ItemGroup>
    <None Include="C:\Users\lesaelr\o3de\Code\Editor\Plugins\EditorCommon\editorcommon_files.cmake" />
    <None Include="C:\Users\lesaelr\o3de\runtime_dependencies\debug\EditorCommon_debug.stamp">
      <Filter>Generated Files</Filter>
    </None>
    <None Include="C:\Users\lesaelr\o3de\runtime_dependencies\profile\EditorCommon_profile.stamp">
      <Filter>Generated Files</Filter>
    </None>
    <None Include="C:\Users\lesaelr\o3de\runtime_dependencies\release\EditorCommon_release.stamp">
      <Filter>Generated Files</Filter>
    </None>
  </ItemGroup>
  <ItemGroup>
    <ResourceCompile Include="C:\Users\lesaelr\o3de\Code\Editor\Plugins\EditorCommon\EditorCommon.rc" />
  </ItemGroup>
  <ItemGroup>
    <Filter Include="DrawingPrimitives">
      <UniqueIdentifier>{253B7159-7DB2-33C8-B778-2067238FE369}</UniqueIdentifier>
    </Filter>
    <Filter Include="Generated Files">
      <UniqueIdentifier>{FB9B7D8B-7F05-31D5-AA90-592248EDE1B3}</UniqueIdentifier>
    </Filter>
    <Filter Include="SaveUtilities">
      <UniqueIdentifier>{E6628A70-CDDC-3C7C-B062-546B4C96A4AD}</UniqueIdentifier>
    </Filter>
    <Filter Include="WinWidget">
      <UniqueIdentifier>{2D78185B-FC09-3438-BD71-859C0692DDC2}</UniqueIdentifier>
    </Filter>
  </ItemGroup>
</Project>
