<?xml version="1.0" encoding="utf-8"?>
<Project ToolsVersion="16.0" xmlns="http://schemas.microsoft.com/developer/msbuild/2003">
  <ItemGroup>
    <ClCompile Include="C:\Users\lesaelr\o3de\Code\Framework\AzManipulatorTestFramework\CMakeFiles\AzManipulatorTestFramework.Static.dir\Unity\unity_0_cxx.cxx">
      <Filter>Generated Files</Filter>
    </ClCompile>
    <ClCompile Include="C:\Users\lesaelr\o3de\Code\Framework\AzManipulatorTestFramework\Source\ViewportInteraction.cpp">
      <Filter>Source</Filter>
    </ClCompile>
    <ClCompile Include="C:\Users\lesaelr\o3de\Code\Framework\AzManipulatorTestFramework\Source\DirectManipulatorViewportInteraction.cpp">
      <Filter>Source</Filter>
    </ClCompile>
    <ClCompile Include="C:\Users\lesaelr\o3de\Code\Framework\AzManipulatorTestFramework\Source\IndirectManipulatorViewportInteraction.cpp">
      <Filter>Source</Filter>
    </ClCompile>
    <ClCompile Include="C:\Users\lesaelr\o3de\Code\Framework\AzManipulatorTestFramework\Source\ImmediateModeActionDispatcher.cpp">
      <Filter>Source</Filter>
    </ClCompile>
    <ClCompile Include="C:\Users\lesaelr\o3de\Code\Framework\AzManipulatorTestFramework\Source\AzManipulatorTestFrameworkUtils.cpp">
      <Filter>Source</Filter>
    </ClCompile>
  </ItemGroup>
  <ItemGroup>
    <ClInclude Include="C:\Users\lesaelr\o3de\Code\Framework\AzManipulatorTestFramework\Include\AzManipulatorTestFramework\AzManipulatorTestFramework.h">
      <Filter>Include\AzManipulatorTestFramework</Filter>
    </ClInclude>
    <ClInclude Include="C:\Users\lesaelr\o3de\Code\Framework\AzManipulatorTestFramework\Include\AzManipulatorTestFramework\AzManipulatorTestFrameworkTestHelpers.h">
      <Filter>Include\AzManipulatorTestFramework</Filter>
    </ClInclude>
    <ClInclude Include="C:\Users\lesaelr\o3de\Code\Framework\AzManipulatorTestFramework\Include\AzManipulatorTestFramework\ViewportInteraction.h">
      <Filter>Include\AzManipulatorTestFramework</Filter>
    </ClInclude>
    <ClInclude Include="C:\Users\lesaelr\o3de\Code\Framework\AzManipulatorTestFramework\Include\AzManipulatorTestFramework\ActionDispatcher.h">
      <Filter>Include\AzManipulatorTestFramework</Filter>
    </ClInclude>
    <ClInclude Include="C:\Users\lesaelr\o3de\Code\Framework\AzManipulatorTestFramework\Include\AzManipulatorTestFramework\DirectManipulatorViewportInteraction.h">
      <Filter>Include\AzManipulatorTestFramework</Filter>
    </ClInclude>
    <ClInclude Include="C:\Users\lesaelr\o3de\Code\Framework\AzManipulatorTestFramework\Include\AzManipulatorTestFramework\IndirectManipulatorViewportInteraction.h">
      <Filter>Include\AzManipulatorTestFramework</Filter>
    </ClInclude>
    <ClInclude Include="C:\Users\lesaelr\o3de\Code\Framework\AzManipulatorTestFramework\Include\AzManipulatorTestFramework\ImmediateModeActionDispatcher.h">
      <Filter>Include\AzManipulatorTestFramework</Filter>
    </ClInclude>
    <ClInclude Include="C:\Users\lesaelr\o3de\Code\Framework\AzManipulatorTestFramework\Include\AzManipulatorTestFramework\AzManipulatorTestFrameworkUtils.h">
      <Filter>Include\AzManipulatorTestFramework</Filter>
    </ClInclude>
  </ItemGroup>
  <ItemGroup>
    <CustomBuild Include="C:\Users\lesaelr\o3de\Code\Framework\AzManipulatorTestFramework\CMakeLists.txt">
      <Filter>Generated Files</Filter>
    </CustomBuild>
  </ItemGroup>
  <ItemGroup>
    <None Include="C:\Users\lesaelr\o3de\Code\Framework\AzManipulatorTestFramework\azmanipulatortestframework_files.cmake" />
  </ItemGroup>
  <ItemGroup>
    <Filter Include="Generated Files">
      <UniqueIdentifier>{FB9B7D8B-7F05-31D5-AA90-592248EDE1B3}</UniqueIdentifier>
    </Filter>
    <Filter Include="Include">
      <UniqueIdentifier>{E188105A-C8C4-34BB-9809-15E8410EF7F8}</UniqueIdentifier>
    </Filter>
    <Filter Include="Include\AzManipulatorTestFramework">
      <UniqueIdentifier>{A20D0C0A-4044-3776-9127-34B547BFDAB3}</UniqueIdentifier>
    </Filter>
    <Filter Include="Source">
      <UniqueIdentifier>{F3F0AD47-5F83-373B-A2BF-650D2E4FA3EA}</UniqueIdentifier>
    </Filter>
  </ItemGroup>
</Project>
