<?xml version="1.0" encoding="utf-8"?>
<Project ToolsVersion="16.0" xmlns="http://schemas.microsoft.com/developer/msbuild/2003">
  <ItemGroup>
    <ClCompile Include="C:\Users\lesaelr\o3de\Code\Tools\AssetProcessor\AssetBuilder\CMakeFiles\AssetBuilder.dir\Unity\unity_0_cxx.cxx">
      <Filter>Generated Files</Filter>
    </ClCompile>
    <ClCompile Include="C:\Users\lesaelr\o3de\Code\Tools\AssetProcessor\AssetBuilder\AssetBuilderApplication.cpp" />
    <ClCompile Include="C:\Users\lesaelr\o3de\Code\Tools\AssetProcessor\AssetBuilder\AssetBuilderComponent.cpp" />
    <ClCompile Include="C:\Users\lesaelr\o3de\Code\Tools\AssetProcessor\AssetBuilder\main.cpp" />
    <ClCompile Include="C:\Users\lesaelr\o3de\Code\Tools\AssetProcessor\AssetBuilder\AssetBuilderInfo.cpp" />
    <ClCompile Include="C:\Users\lesaelr\o3de\Code\Tools\AssetProcessor\AssetBuilder\TraceMessageHook.cpp" />
    <ClCompile Include="C:\Users\lesaelr\o3de\Code\Tools\AssetProcessor\AssetBuilder\Platform\Windows\AssetBuilderApplication_windows.cpp">
      <Filter>Platform\Windows</Filter>
    </ClCompile>
  </ItemGroup>
  <ItemGroup>
    <ClInclude Include="C:\Users\lesaelr\o3de\Code\Tools\AssetProcessor\AssetBuilder\AssetBuilderApplication.h" />
    <ClInclude Include="C:\Users\lesaelr\o3de\Code\Tools\AssetProcessor\AssetBuilder\AssetBuilderComponent.h" />
    <ClInclude Include="C:\Users\lesaelr\o3de\Code\Tools\AssetProcessor\AssetBuilder\AssetBuilderInfo.h" />
    <ClInclude Include="C:\Users\lesaelr\o3de\Code\Tools\AssetProcessor\AssetBuilder\TraceMessageHook.h" />
  </ItemGroup>
  <ItemGroup>
    <CustomBuild Include="C:\Users\lesaelr\o3de\CMakeFiles\08b24365a84bd27d080f6dd51f42b933\AssetBuilder_(CONFIG).stamp.rule">
      <Filter>Generated Files</Filter>
    </CustomBuild>
    <CustomBuild Include="C:\Users\lesaelr\o3de\Code\Tools\AssetProcessor\AssetBuilder\CMakeLists.txt">
      <Filter>Generated Files</Filter>
    </CustomBuild>
  </ItemGroup>
  <ItemGroup>
    <None Include="C:\Users\lesaelr\o3de\Code\Tools\AssetProcessor\AssetBuilder\asset_builder_files.cmake" />
    <None Include="C:\Users\lesaelr\o3de\Code\Tools\AssetProcessor\AssetBuilder\Platform\Windows\asset_builder_windows_files.cmake">
      <Filter>Platform\Windows</Filter>
    </None>
    <None Include="C:\Users\lesaelr\o3de\runtime_dependencies\debug\AssetBuilder_debug.stamp">
      <Filter>Generated Files</Filter>
    </None>
    <None Include="C:\Users\lesaelr\o3de\runtime_dependencies\profile\AssetBuilder_profile.stamp">
      <Filter>Generated Files</Filter>
    </None>
    <None Include="C:\Users\lesaelr\o3de\runtime_dependencies\release\AssetBuilder_release.stamp">
      <Filter>Generated Files</Filter>
    </None>
  </ItemGroup>
  <ItemGroup>
    <ResourceCompile Include="C:\Users\lesaelr\o3de\Code\Tools\AssetProcessor\AssetBuilder\AssetBuilder.rc" />
  </ItemGroup>
  <ItemGroup>
    <Filter Include="Generated Files">
      <UniqueIdentifier>{FB9B7D8B-7F05-31D5-AA90-592248EDE1B3}</UniqueIdentifier>
    </Filter>
    <Filter Include="Platform">
      <UniqueIdentifier>{378A8D8C-6CA1-3F6B-A02B-1E9FF64C97B2}</UniqueIdentifier>
    </Filter>
    <Filter Include="Platform\Windows">
      <UniqueIdentifier>{63AEF2F6-51C7-306A-BFE8-A049C8C62EFB}</UniqueIdentifier>
    </Filter>
  </ItemGroup>
</Project>
