<?xml version="1.0" encoding="utf-8"?>
<Project ToolsVersion="16.0" xmlns="http://schemas.microsoft.com/developer/msbuild/2003">
  <ItemGroup>
    <ClCompile Include="C:\Users\lesaelr\o3de\Code\Tools\GridHub\GridHub_autogen\mocs_compilation_debug.cpp">
      <Filter>Generated Files</Filter>
    </ClCompile>
    <ClCompile Include="C:\Users\lesaelr\o3de\Code\Tools\GridHub\CMakeFiles\GridHub.dir\Unity\unity_0_cxx.cxx">
      <Filter>Generated Files</Filter>
    </ClCompile>
    <ClCompile Include="C:\Users\lesaelr\o3de\Code\Tools\GridHub\GridHub\main.cpp">
      <Filter>GridHub</Filter>
    </ClCompile>
    <ClCompile Include="C:\Users\lesaelr\o3de\Code\Tools\GridHub\GridHub\gridhub.cpp">
      <Filter>GridHub</Filter>
    </ClCompile>
    <ClCompile Include="C:\Users\lesaelr\o3de\Code\Tools\GridHub\GridHub_autogen\AWIQXTSZUY\qrc_GridHub.cpp">
      <Filter>Generated Files</Filter>
    </ClCompile>
    <ClCompile Include="C:\Users\lesaelr\o3de\Code\Tools\GridHub\GridHub_autogen\mocs_compilation_profile.cpp">
      <Filter>Generated Files</Filter>
    </ClCompile>
    <ClCompile Include="C:\Users\lesaelr\o3de\Code\Tools\GridHub\GridHub_autogen\mocs_compilation_release.cpp">
      <Filter>Generated Files</Filter>
    </ClCompile>
  </ItemGroup>
  <ItemGroup>
    <ClInclude Include="C:\Users\lesaelr\o3de\Code\Tools\GridHub\GridHub\gridhub.hxx">
      <Filter>GridHub</Filter>
    </ClInclude>
    <ClInclude Include="C:\Users\lesaelr\o3de\Code\Tools\GridHub\GridHub_autogen\include\GridHub\ui_GridHub.h">
      <Filter>Generated Files</Filter>
    </ClInclude>
  </ItemGroup>
  <ItemGroup>
    <CustomBuild Include="C:\Users\lesaelr\o3de\Code\Tools\GridHub\GridHub\GridHub.ui">
      <Filter>GridHub</Filter>
    </CustomBuild>
    <CustomBuild Include="C:\Users\lesaelr\o3de\CMakeFiles\08b24365a84bd27d080f6dd51f42b933\GridHub_(CONFIG).stamp.rule">
      <Filter>Generated Files</Filter>
    </CustomBuild>
    <CustomBuild Include="C:\Users\lesaelr\o3de\CMakeFiles\42555fa5a4126c4c69b40c24a23f149a\qrc_GridHub.cpp.rule">
      <Filter>Generated Files</Filter>
    </CustomBuild>
    <CustomBuild Include="C:\Users\lesaelr\o3de\Code\Tools\GridHub\CMakeLists.txt">
      <Filter>Generated Files</Filter>
    </CustomBuild>
  </ItemGroup>
  <ItemGroup>
    <None Include="C:\Users\lesaelr\o3de\Code\Tools\GridHub\GridHub\GridHub.qrc">
      <Filter>GridHub</Filter>
    </None>
    <None Include="C:\Users\lesaelr\o3de\Code\Tools\GridHub\gridhub_files.cmake" />
    <None Include="C:\Users\lesaelr\o3de\Code\Tools\GridHub\Platform\Windows\gridhub_windows_files.cmake">
      <Filter>Platform\Windows</Filter>
    </None>
    <None Include="C:\Users\lesaelr\o3de\Code\Tools\GridHub\Platform\Windows\platform_windows.cmake">
      <Filter>Platform\Windows</Filter>
    </None>
    <None Include="C:\Users\lesaelr\o3de\runtime_dependencies\debug\GridHub_debug.stamp">
      <Filter>Generated Files</Filter>
    </None>
    <None Include="C:\Users\lesaelr\o3de\runtime_dependencies\profile\GridHub_profile.stamp">
      <Filter>Generated Files</Filter>
    </None>
    <None Include="C:\Users\lesaelr\o3de\runtime_dependencies\release\GridHub_release.stamp">
      <Filter>Generated Files</Filter>
    </None>
  </ItemGroup>
  <ItemGroup>
    <Filter Include="Generated Files">
      <UniqueIdentifier>{FB9B7D8B-7F05-31D5-AA90-592248EDE1B3}</UniqueIdentifier>
    </Filter>
    <Filter Include="GridHub">
      <UniqueIdentifier>{2F0C865D-AC5C-3AA1-A0CC-A8467C15D752}</UniqueIdentifier>
    </Filter>
    <Filter Include="Platform">
      <UniqueIdentifier>{378A8D8C-6CA1-3F6B-A02B-1E9FF64C97B2}</UniqueIdentifier>
    </Filter>
    <Filter Include="Platform\Windows">
      <UniqueIdentifier>{63AEF2F6-51C7-306A-BFE8-A049C8C62EFB}</UniqueIdentifier>
    </Filter>
  </ItemGroup>
</Project>
