<?xml version="1.0" encoding="utf-8"?>
<Project ToolsVersion="16.0" xmlns="http://schemas.microsoft.com/developer/msbuild/2003">
  <ItemGroup>
    <ClCompile Include="C:\Users\lesaelr\o3de\Code\Tools\DeltaCataloger\CMakeFiles\DeltaCataloger.dir\Unity\unity_0_cxx.cxx">
      <Filter>Generated Files</Filter>
    </ClCompile>
    <ClCompile Include="C:\Users\lesaelr\o3de\Code\Tools\DeltaCataloger\source\main.cpp">
      <Filter>source</Filter>
    </ClCompile>
  </ItemGroup>
  <ItemGroup>
    <CustomBuild Include="C:\Users\lesaelr\o3de\CMakeFiles\08b24365a84bd27d080f6dd51f42b933\DeltaCataloger_(CONFIG).stamp.rule">
      <Filter>Generated Files</Filter>
    </CustomBuild>
    <CustomBuild Include="C:\Users\lesaelr\o3de\Code\Tools\DeltaCataloger\CMakeLists.txt">
      <Filter>Generated Files</Filter>
    </CustomBuild>
  </ItemGroup>
  <ItemGroup>
    <None Include="C:\Users\lesaelr\o3de\Code\Tools\DeltaCataloger\deltacataloger_files.cmake" />
    <None Include="C:\Users\lesaelr\o3de\Code\Tools\DeltaCataloger\deltacataloger_win_files.cmake" />
    <None Include="C:\Users\lesaelr\o3de\runtime_dependencies\debug\DeltaCataloger_debug.stamp">
      <Filter>Generated Files</Filter>
    </None>
    <None Include="C:\Users\lesaelr\o3de\runtime_dependencies\profile\DeltaCataloger_profile.stamp">
      <Filter>Generated Files</Filter>
    </None>
    <None Include="C:\Users\lesaelr\o3de\runtime_dependencies\release\DeltaCataloger_release.stamp">
      <Filter>Generated Files</Filter>
    </None>
  </ItemGroup>
  <ItemGroup>
    <ResourceCompile Include="C:\Users\lesaelr\o3de\Code\Tools\DeltaCataloger\source\DeltaCataloger.rc">
      <Filter>source</Filter>
    </ResourceCompile>
  </ItemGroup>
  <ItemGroup>
    <Filter Include="Generated Files">
      <UniqueIdentifier>{FB9B7D8B-7F05-31D5-AA90-592248EDE1B3}</UniqueIdentifier>
    </Filter>
    <Filter Include="source">
      <UniqueIdentifier>{688443FA-03E8-36C5-B319-1AA129228091}</UniqueIdentifier>
    </Filter>
  </ItemGroup>
</Project>
