<?xml version="1.0" encoding="utf-8"?>
<Project ToolsVersion="16.0" xmlns="http://schemas.microsoft.com/developer/msbuild/2003">
  <ItemGroup>
    <ClCompile Include="C:\Users\lesaelr\o3de\Code\Tools\CrashHandler\CMakeFiles\CrashHandler.dir\Unity\unity_0_cxx.cxx">
      <Filter>Generated Files</Filter>
    </ClCompile>
    <ClCompile Include="C:\Users\lesaelr\o3de\Code\Tools\CrashHandler\Shared\CrashHandler.cpp">
      <Filter>Shared</Filter>
    </ClCompile>
    <ClCompile Include="C:\Users\lesaelr\o3de\Code\Tools\CrashHandler\Platform\CrashHandler_win.cpp">
      <Filter>Platform\Windows\..</Filter>
    </ClCompile>
  </ItemGroup>
  <ItemGroup>
    <ClInclude Include="C:\Users\lesaelr\o3de\Code\Tools\CrashHandler\Shared\CrashHandler.h">
      <Filter>Shared</Filter>
    </ClInclude>
    <ClInclude Include="C:\Users\lesaelr\o3de\Code\Tools\CrashHandler\Platform\Windows\CrashHandler_Traits_Platform.h">
      <Filter>Platform\Windows</Filter>
    </ClInclude>
    <ClInclude Include="C:\Users\lesaelr\o3de\Code\Tools\CrashHandler\Platform\Windows\CrashHandler_Traits_Windows.h">
      <Filter>Platform\Windows</Filter>
    </ClInclude>
  </ItemGroup>
  <ItemGroup>
    <CustomBuild Include="C:\Users\lesaelr\o3de\Code\Tools\CrashHandler\CMakeLists.txt">
      <Filter>Generated Files</Filter>
    </CustomBuild>
  </ItemGroup>
  <ItemGroup>
    <None Include="C:\Users\lesaelr\o3de\Code\Tools\CrashHandler\crash_handler_files.cmake" />
    <None Include="C:\Users\lesaelr\o3de\Code\Tools\CrashHandler\Platform\Windows\crash_handler_windows_files.cmake">
      <Filter>Platform\Windows</Filter>
    </None>
    <None Include="C:\Users\lesaelr\o3de\Code\Tools\CrashHandler\Platform\Windows\platform_windows_files.cmake">
      <Filter>Platform\Windows</Filter>
    </None>
  </ItemGroup>
  <ItemGroup>
    <Filter Include="Generated Files">
      <UniqueIdentifier>{FB9B7D8B-7F05-31D5-AA90-592248EDE1B3}</UniqueIdentifier>
    </Filter>
    <Filter Include="Platform">
      <UniqueIdentifier>{378A8D8C-6CA1-3F6B-A02B-1E9FF64C97B2}</UniqueIdentifier>
    </Filter>
    <Filter Include="Platform\Windows">
      <UniqueIdentifier>{63AEF2F6-51C7-306A-BFE8-A049C8C62EFB}</UniqueIdentifier>
    </Filter>
    <Filter Include="Platform\Windows\..">
      <UniqueIdentifier>{C2D7F6B4-9216-3C2D-9F9A-76D34821E4A4}</UniqueIdentifier>
    </Filter>
    <Filter Include="Shared">
      <UniqueIdentifier>{C2F2CF8A-01AA-3008-A756-70C0D7293D49}</UniqueIdentifier>
    </Filter>
  </ItemGroup>
</Project>
