<?xml version="1.0" encoding="utf-8"?>
<Project ToolsVersion="16.0" xmlns="http://schemas.microsoft.com/developer/msbuild/2003">
  <ItemGroup>
    <ClCompile Include="C:\Users\lesaelr\o3de\Code\LauncherUnified\CMakeFiles\Launcher.Static.dir\Unity\unity_0_cxx.cxx">
      <Filter>Generated Files</Filter>
    </ClCompile>
    <ClCompile Include="C:\Users\lesaelr\o3de\Code\LauncherUnified\Launcher.cpp" />
    <ClCompile Include="C:\Users\lesaelr\o3de\Code\LauncherUnified\Platform\Windows\Launcher_Windows.cpp">
      <Filter>Platform\Windows</Filter>
    </ClCompile>
  </ItemGroup>
  <ItemGroup>
    <ClInclude Include="C:\Users\lesaelr\o3de\Code\LauncherUnified\Launcher.h" />
    <ClInclude Include="C:\Users\lesaelr\o3de\Code\LauncherUnified\Platform\Windows\Launcher_Traits_Windows.h">
      <Filter>Platform\Windows</Filter>
    </ClInclude>
    <ClInclude Include="C:\Users\lesaelr\o3de\Code\LauncherUnified\Platform\Windows\Launcher_Traits_Platform.h">
      <Filter>Platform\Windows</Filter>
    </ClInclude>
  </ItemGroup>
  <ItemGroup>
    <CustomBuild Include="C:\Users\lesaelr\o3de\Code\LauncherUnified\CMakeLists.txt">
      <Filter>Generated Files</Filter>
    </CustomBuild>
  </ItemGroup>
  <ItemGroup>
    <None Include="C:\Users\lesaelr\o3de\Code\LauncherUnified\launcher_files.cmake" />
    <None Include="C:\Users\lesaelr\o3de\Code\LauncherUnified\Platform\Windows\platform_windows_files.cmake">
      <Filter>Platform\Windows</Filter>
    </None>
    <None Include="C:\Users\lesaelr\o3de\Code\LauncherUnified\Platform\Windows\platform_windows.cmake">
      <Filter>Platform\Windows</Filter>
    </None>
  </ItemGroup>
  <ItemGroup>
    <Filter Include="Generated Files">
      <UniqueIdentifier>{FB9B7D8B-7F05-31D5-AA90-592248EDE1B3}</UniqueIdentifier>
    </Filter>
    <Filter Include="Platform">
      <UniqueIdentifier>{378A8D8C-6CA1-3F6B-A02B-1E9FF64C97B2}</UniqueIdentifier>
    </Filter>
    <Filter Include="Platform\Windows">
      <UniqueIdentifier>{63AEF2F6-51C7-306A-BFE8-A049C8C62EFB}</UniqueIdentifier>
    </Filter>
  </ItemGroup>
</Project>
