<?xml version="1.0" encoding="utf-8"?>
<Project ToolsVersion="16.0" xmlns="http://schemas.microsoft.com/developer/msbuild/2003">
  <ItemGroup>
    <ClCompile Include="C:\Users\lesaelr\o3de\Code\Tools\SceneAPI\SceneData\CMakeFiles\SceneData.Tests.dir\Unity\unity_0_cxx.cxx">
      <Filter>Generated Files</Filter>
    </ClCompile>
    <ClCompile Include="C:\Users\lesaelr\o3de\Code\Tools\SceneAPI\SceneData\Tests\TestsMain.cpp">
      <Filter>Tests</Filter>
    </ClCompile>
    <ClCompile Include="C:\Users\lesaelr\o3de\Code\Tools\SceneAPI\SceneData\Tests\GraphData\MeshDataTests.cpp">
      <Filter>Tests\GraphData</Filter>
    </ClCompile>
    <ClCompile Include="C:\Users\lesaelr\o3de\Code\Tools\SceneAPI\SceneData\Tests\GraphData\MeshDataPrimitiveUtilsTests.cpp">
      <Filter>Tests\GraphData</Filter>
    </ClCompile>
    <ClCompile Include="C:\Users\lesaelr\o3de\Code\Tools\SceneAPI\SceneData\Tests\GraphData\GraphDataBehaviorTests.cpp">
      <Filter>Tests\GraphData</Filter>
    </ClCompile>
    <ClCompile Include="C:\Users\lesaelr\o3de\Code\Tools\SceneAPI\SceneData\Tests\SceneManifest\SceneManifestRuleTests.cpp">
      <Filter>Tests\SceneManifest</Filter>
    </ClCompile>
  </ItemGroup>
  <ItemGroup>
    <CustomBuild Include="C:\Users\lesaelr\o3de\CMakeFiles\08b24365a84bd27d080f6dd51f42b933\SceneData.Tests_(CONFIG).stamp.rule">
      <Filter>Generated Files</Filter>
    </CustomBuild>
    <CustomBuild Include="C:\Users\lesaelr\o3de\Code\Tools\SceneAPI\SceneData\CMakeLists.txt">
      <Filter>Generated Files</Filter>
    </CustomBuild>
  </ItemGroup>
  <ItemGroup>
    <None Include="C:\Users\lesaelr\o3de\Code\Tools\SceneAPI\SceneData\SceneData_testing_files.cmake" />
    <None Include="C:\Users\lesaelr\o3de\runtime_dependencies\debug\SceneData.Tests_debug.stamp">
      <Filter>Generated Files</Filter>
    </None>
    <None Include="C:\Users\lesaelr\o3de\runtime_dependencies\profile\SceneData.Tests_profile.stamp">
      <Filter>Generated Files</Filter>
    </None>
    <None Include="C:\Users\lesaelr\o3de\runtime_dependencies\release\SceneData.Tests_release.stamp">
      <Filter>Generated Files</Filter>
    </None>
  </ItemGroup>
  <ItemGroup>
    <Filter Include="Generated Files">
      <UniqueIdentifier>{FB9B7D8B-7F05-31D5-AA90-592248EDE1B3}</UniqueIdentifier>
    </Filter>
    <Filter Include="Tests">
      <UniqueIdentifier>{042E9197-689D-3636-8A35-28EBCAA2BD47}</UniqueIdentifier>
    </Filter>
    <Filter Include="Tests\GraphData">
      <UniqueIdentifier>{B47ABD58-1C4B-305F-8552-A59D3F53DD73}</UniqueIdentifier>
    </Filter>
    <Filter Include="Tests\SceneManifest">
      <UniqueIdentifier>{521FB594-C710-3566-A6CE-5AEE500813AA}</UniqueIdentifier>
    </Filter>
  </ItemGroup>
</Project>
