<?xml version="1.0" encoding="utf-8"?>
<Project ToolsVersion="16.0" xmlns="http://schemas.microsoft.com/developer/msbuild/2003">
  <ItemGroup>
    <CustomBuild Include="C:\Users\lesaelr\o3de\CMakeFiles\f313c132526634ef29f4212ef36eb8d7\RemoteConsole_UnitTests_main_no_gpu.rule">
      <Filter>CMake Rules</Filter>
    </CustomBuild>
    <CustomBuild Include="C:\Users\lesaelr\o3de\Tools\RemoteConsole\ly_remote_console\tests\CMakeLists.txt" />
  </ItemGroup>
  <ItemGroup>
    <None Include="C:\Users\lesaelr\o3de\Tools\RemoteConsole\ly_remote_console\tests\CMakeFiles\RemoteConsole_UnitTests_main_no_gpu" />
  </ItemGroup>
  <ItemGroup>
    <Filter Include="CMake Rules">
      <UniqueIdentifier>{14F5CA79-06D7-386D-8A3A-D857F6B5A4A2}</UniqueIdentifier>
    </Filter>
  </ItemGroup>
</Project>
